
Microsoft Visual Studio Solution File, Format Version 12.00
# Visual Studio Version 17
VisualStudioVersion = 17.14.36109.1 d17.14
MinimumVisualStudioVersion = 10.0.40219.1
Project("{FAE04EC0-301F-11D3-BF4B-00C04F79EFBC}") = "CinemaTicket", "CinemaTicket\CinemaTicket.csproj", "{0A0CFD21-8CBF-4ED2-BABA-63EAC47EE8A3}"
EndProject
Project("{FAE04EC0-301F-11D3-BF4B-00C04F79EFBC}") = "Core", "Core\Core.csproj", "{92637E9F-CCD1-4921-831D-4FF28CBEDF91}"
EndProject
Project("{FAE04EC0-301F-11D3-BF4B-00C04F79EFBC}") = "Infrastructure", "Infrastructure\Infrastructure.csproj", "{7ACC1147-2C39-4723-8381-D92950B90323}"
EndProject
Global
	GlobalSection(SolutionConfigurationPlatforms) = preSolution
		Debug|Any CPU = Debug|Any CPU
		Release|Any CPU = Release|Any CPU
	EndGlobalSection
	GlobalSection(ProjectConfigurationPlatforms) = postSolution
		{0A0CFD21-8CBF-4ED2-BABA-63EAC47EE8A3}.Debug|Any CPU.ActiveCfg = Debug|Any CPU
		{0A0CFD21-8CBF-4ED2-BABA-63EAC47EE8A3}.Debug|Any CPU.Build.0 = Debug|Any CPU
		{0A0CFD21-8CBF-4ED2-BABA-63EAC47EE8A3}.Release|Any CPU.ActiveCfg = Release|Any CPU
		{0A0CFD21-8CBF-4ED2-BABA-63EAC47EE8A3}.Release|Any CPU.Build.0 = Release|Any CPU
		{92637E9F-CCD1-4921-831D-4FF28CBEDF91}.Debug|Any CPU.ActiveCfg = Debug|Any CPU
		{92637E9F-CCD1-4921-831D-4FF28CBEDF91}.Debug|Any CPU.Build.0 = Debug|Any CPU
		{92637E9F-CCD1-4921-831D-4FF28CBEDF91}.Release|Any CPU.ActiveCfg = Release|Any CPU
		{92637E9F-CCD1-4921-831D-4FF28CBEDF91}.Release|Any CPU.Build.0 = Release|Any CPU
		{7ACC1147-2C39-4723-8381-D92950B90323}.Debug|Any CPU.ActiveCfg = Debug|Any CPU
		{7ACC1147-2C39-4723-8381-D92950B90323}.Debug|Any CPU.Build.0 = Debug|Any CPU
		{7ACC1147-2C39-4723-8381-D92950B90323}.Release|Any CPU.ActiveCfg = Release|Any CPU
		{7ACC1147-2C39-4723-8381-D92950B90323}.Release|Any CPU.Build.0 = Release|Any CPU
	EndGlobalSection
	GlobalSection(SolutionProperties) = preSolution
		HideSolutionNode = FALSE
	EndGlobalSection
	GlobalSection(ExtensibilityGlobals) = postSolution
		SolutionGuid = {738592CF-AED2-45CB-8A60-2B615C80B51C}
	EndGlobalSection
EndGlobal
